
Microsoft Visual Studio Solution File, Format Version 12.00
# Visual Studio Version 17
VisualStudioVersion = 17.9.34622.214
MinimumVisualStudioVersion = 10.0.40219.1
Project("{FAE04EC0-301F-11D3-BF4B-00C04F79EFBC}") = "student-management-sys", "student-management-sys\student-management-sys.csproj", "{BB6C2224-AEDD-4672-8CE8-5E62B66DBE90}"
EndProject
Global
	GlobalSection(SolutionConfigurationPlatforms) = preSolution
		Debug|Any CPU = Debug|Any CPU
		Release|Any CPU = Release|Any CPU
	EndGlobalSection
	GlobalSection(ProjectConfigurationPlatforms) = postSolution
		{BB6C2224-AEDD-4672-8CE8-5E62B66DBE90}.Debug|Any CPU.ActiveCfg = Debug|Any CPU
		{BB6C2224-AEDD-4672-8CE8-5E62B66DBE90}.Debug|Any CPU.Build.0 = Debug|Any CPU
		{BB6C2224-AEDD-4672-8CE8-5E62B66DBE90}.Release|Any CPU.ActiveCfg = Release|Any CPU
		{BB6C2224-AEDD-4672-8CE8-5E62B66DBE90}.Release|Any CPU.Build.0 = Release|Any CPU
	EndGlobalSection
	GlobalSection(SolutionProperties) = preSolution
		HideSolutionNode = FALSE
	EndGlobalSection
	GlobalSection(ExtensibilityGlobals) = postSolution
		SolutionGuid = {CD7BAD86-88EB-4035-B15B-16E929E93D2F}
	EndGlobalSection
EndGlobal
